Microsoft Visual Studio Solution File, Format Version 12.00
# Visual Studio Version 17
VisualStudioVersion = 17.5.2.0
MinimumVisualStudioVersion = 10.0.40219.1
Project("{FAE04EC0-301F-11D3-BF4B-00C04F79EFBC}") = "themes", "themes\themes.csproj", "{6B8561BF-BCB8-2836-C668-1C433DCFB8B4}"
EndProject
Project("{2150E333-8FDC-42A3-9474-1A3956D46DE8}") = "factory", "factory", "{1A05CECA-3455-6868-ADAC-E31E3159CA81}"
EndProject
Project("{2150E333-8FDC-42A3-9474-1A3956D46DE8}") = "dinamica", "dinamica", "{2DBC6D2C-FFF0-6DAB-AC7A-A37FECD1CC5F}"
EndProject
Project("{2150E333-8FDC-42A3-9474-1A3956D46DE8}") = "proja", "proja", "{54DE6893-CDB1-EE93-102E-7302D4351633}"
EndProject
Project("{2150E333-8FDC-42A3-9474-1A3956D46DE8}") = "observer", "observer", "{AC1F2BD0-4F26-37E0-F5DE-96F0B8197553}"
EndProject
Project("{2150E333-8FDC-42A3-9474-1A3956D46DE8}") = "potok", "potok", "{64D9E809-D113-F955-5C4E-07361BD8DCD5}"
EndProject
Project("{2150E333-8FDC-42A3-9474-1A3956D46DE8}") = "prototype", "prototype", "{AA5FA980-1721-759C-0A11-57B00F49D76F}"
EndProject
Project("{2150E333-8FDC-42A3-9474-1A3956D46DE8}") = "exam", "exam", "{F7B449A4-7AAF-3787-24BA-23A34DDEE7CA}"
EndProject
Project("{2150E333-8FDC-42A3-9474-1A3956D46DE8}") = "leet", "leet", "{34EFB993-71F9-C292-88E4-CFCCA5B5EBD9}"
EndProject
Project("{2150E333-8FDC-42A3-9474-1A3956D46DE8}") = "bases", "bases", "{F6F8FDD1-D240-8A4C-A91B-6FB064E57CF1}"
EndProject
Project("{2150E333-8FDC-42A3-9474-1A3956D46DE8}") = "interfaces", "interfaces", "{F950DB2C-3B87-4536-55E6-8585CBA5CF21}"
EndProject
Project("{FAE04EC0-301F-11D3-BF4B-00C04F79EFBC}") = "factory", "factory\factory\factory.csproj", "{C3E35898-7A56-6768-9BD2-16547616952D}"
EndProject
Project("{FAE04EC0-301F-11D3-BF4B-00C04F79EFBC}") = "nezn", "dinamica\nezn\nezn.csproj", "{4CA69315-FD2B-6098-DED4-BD5DA9B516E9}"
EndProject
Project("{FAE04EC0-301F-11D3-BF4B-00C04F79EFBC}") = "attraction", "proja\attraction\attraction.csproj", "{DB236E28-4D8E-AF92-DB6A-BE90CE54991B}"
EndProject
Project("{FAE04EC0-301F-11D3-BF4B-00C04F79EFBC}") = "coffeFactory", "proja\coffeFactory\coffeFactory.csproj", "{0D348598-1A80-B481-0DE5-089532EFABB3}"
EndProject
Project("{FAE04EC0-301F-11D3-BF4B-00C04F79EFBC}") = "obs", "observer\obs\obs.csproj", "{C0F1CF79-AFB0-0C74-2D4A-A2B0D66D04CA}"
EndProject
Project("{FAE04EC0-301F-11D3-BF4B-00C04F79EFBC}") = "pot", "potok\pot\pot.csproj", "{075C5C44-82B1-A9E4-B638-A643BB9FB6A0}"
EndProject
Project("{FAE04EC0-301F-11D3-BF4B-00C04F79EFBC}") = "proto", "prototype\proto\proto.csproj", "{33DD815C-E607-8CD8-FB7D-04A35ADCEE93}"
EndProject
Project("{FAE04EC0-301F-11D3-BF4B-00C04F79EFBC}") = "tasks", "exam\tasks\tasks.csproj", "{E192271B-9DC9-B043-6515-4AEB6E991C7E}"
EndProject
Project("{FAE04EC0-301F-11D3-BF4B-00C04F79EFBC}") = "polindrom", "leet\polindrom\polindrom.csproj", "{777DB7E1-CFAA-51CD-4386-C35CF772CC3A}"
EndProject
Project("{FAE04EC0-301F-11D3-BF4B-00C04F79EFBC}") = "first", "bases\first\first.csproj", "{602503CA-4ACC-9780-31F9-8993A63C9EA3}"
EndProject
Project("{FAE04EC0-301F-11D3-BF4B-00C04F79EFBC}") = "inters", "interfaces\inters\inters.csproj", "{34DD9429-6403-A2DB-D5F8-119431AC1700}"
EndProject
Global
	GlobalSection(SolutionConfigurationPlatforms) = preSolution
		Debug|Any CPU = Debug|Any CPU
		Release|Any CPU = Release|Any CPU
	EndGlobalSection
	GlobalSection(ProjectConfigurationPlatforms) = postSolution
		{6B8561BF-BCB8-2836-C668-1C433DCFB8B4}.Debug|Any CPU.ActiveCfg = Debug|Any CPU
		{6B8561BF-BCB8-2836-C668-1C433DCFB8B4}.Debug|Any CPU.Build.0 = Debug|Any CPU
		{6B8561BF-BCB8-2836-C668-1C433DCFB8B4}.Release|Any CPU.ActiveCfg = Release|Any CPU
		{6B8561BF-BCB8-2836-C668-1C433DCFB8B4}.Release|Any CPU.Build.0 = Release|Any CPU
		{C3E35898-7A56-6768-9BD2-16547616952D}.Debug|Any CPU.ActiveCfg = Debug|Any CPU
		{C3E35898-7A56-6768-9BD2-16547616952D}.Debug|Any CPU.Build.0 = Debug|Any CPU
		{C3E35898-7A56-6768-9BD2-16547616952D}.Release|Any CPU.ActiveCfg = Release|Any CPU
		{C3E35898-7A56-6768-9BD2-16547616952D}.Release|Any CPU.Build.0 = Release|Any CPU
		{4CA69315-FD2B-6098-DED4-BD5DA9B516E9}.Debug|Any CPU.ActiveCfg = Debug|Any CPU
		{4CA69315-FD2B-6098-DED4-BD5DA9B516E9}.Debug|Any CPU.Build.0 = Debug|Any CPU
		{4CA69315-FD2B-6098-DED4-BD5DA9B516E9}.Release|Any CPU.ActiveCfg = Release|Any CPU
		{4CA69315-FD2B-6098-DED4-BD5DA9B516E9}.Release|Any CPU.Build.0 = Release|Any CPU
		{DB236E28-4D8E-AF92-DB6A-BE90CE54991B}.Debug|Any CPU.ActiveCfg = Debug|Any CPU
		{DB236E28-4D8E-AF92-DB6A-BE90CE54991B}.Debug|Any CPU.Build.0 = Debug|Any CPU
		{DB236E28-4D8E-AF92-DB6A-BE90CE54991B}.Release|Any CPU.ActiveCfg = Release|Any CPU
		{DB236E28-4D8E-AF92-DB6A-BE90CE54991B}.Release|Any CPU.Build.0 = Release|Any CPU
		{0D348598-1A80-B481-0DE5-089532EFABB3}.Debug|Any CPU.ActiveCfg = Debug|Any CPU
		{0D348598-1A80-B481-0DE5-089532EFABB3}.Debug|Any CPU.Build.0 = Debug|Any CPU
		{0D348598-1A80-B481-0DE5-089532EFABB3}.Release|Any CPU.ActiveCfg = Release|Any CPU
		{0D348598-1A80-B481-0DE5-089532EFABB3}.Release|Any CPU.Build.0 = Release|Any CPU
		{C0F1CF79-AFB0-0C74-2D4A-A2B0D66D04CA}.Debug|Any CPU.ActiveCfg = Debug|Any CPU
		{C0F1CF79-AFB0-0C74-2D4A-A2B0D66D04CA}.Debug|Any CPU.Build.0 = Debug|Any CPU
		{C0F1CF79-AFB0-0C74-2D4A-A2B0D66D04CA}.Release|Any CPU.ActiveCfg = Release|Any CPU
		{C0F1CF79-AFB0-0C74-2D4A-A2B0D66D04CA}.Release|Any CPU.Build.0 = Release|Any CPU
		{075C5C44-82B1-A9E4-B638-A643BB9FB6A0}.Debug|Any CPU.ActiveCfg = Debug|Any CPU
		{075C5C44-82B1-A9E4-B638-A643BB9FB6A0}.Debug|Any CPU.Build.0 = Debug|Any CPU
		{075C5C44-82B1-A9E4-B638-A643BB9FB6A0}.Release|Any CPU.ActiveCfg = Release|Any CPU
		{075C5C44-82B1-A9E4-B638-A643BB9FB6A0}.Release|Any CPU.Build.0 = Release|Any CPU
		{33DD815C-E607-8CD8-FB7D-04A35ADCEE93}.Debug|Any CPU.ActiveCfg = Debug|Any CPU
		{33DD815C-E607-8CD8-FB7D-04A35ADCEE93}.Debug|Any CPU.Build.0 = Debug|Any CPU
		{33DD815C-E607-8CD8-FB7D-04A35ADCEE93}.Release|Any CPU.ActiveCfg = Release|Any CPU
		{33DD815C-E607-8CD8-FB7D-04A35ADCEE93}.Release|Any CPU.Build.0 = Release|Any CPU
		{E192271B-9DC9-B043-6515-4AEB6E991C7E}.Debug|Any CPU.ActiveCfg = Debug|Any CPU
		{E192271B-9DC9-B043-6515-4AEB6E991C7E}.Debug|Any CPU.Build.0 = Debug|Any CPU
		{E192271B-9DC9-B043-6515-4AEB6E991C7E}.Release|Any CPU.ActiveCfg = Release|Any CPU
		{E192271B-9DC9-B043-6515-4AEB6E991C7E}.Release|Any CPU.Build.0 = Release|Any CPU
		{777DB7E1-CFAA-51CD-4386-C35CF772CC3A}.Debug|Any CPU.ActiveCfg = Debug|Any CPU
		{777DB7E1-CFAA-51CD-4386-C35CF772CC3A}.Debug|Any CPU.Build.0 = Debug|Any CPU
		{777DB7E1-CFAA-51CD-4386-C35CF772CC3A}.Release|Any CPU.ActiveCfg = Release|Any CPU
		{777DB7E1-CFAA-51CD-4386-C35CF772CC3A}.Release|Any CPU.Build.0 = Release|Any CPU
		{602503CA-4ACC-9780-31F9-8993A63C9EA3}.Debug|Any CPU.ActiveCfg = Debug|Any CPU
		{602503CA-4ACC-9780-31F9-8993A63C9EA3}.Debug|Any CPU.Build.0 = Debug|Any CPU
		{602503CA-4ACC-9780-31F9-8993A63C9EA3}.Release|Any CPU.ActiveCfg = Release|Any CPU
		{602503CA-4ACC-9780-31F9-8993A63C9EA3}.Release|Any CPU.Build.0 = Release|Any CPU
		{34DD9429-6403-A2DB-D5F8-119431AC1700}.Debug|Any CPU.ActiveCfg = Debug|Any CPU
		{34DD9429-6403-A2DB-D5F8-119431AC1700}.Debug|Any CPU.Build.0 = Debug|Any CPU
		{34DD9429-6403-A2DB-D5F8-119431AC1700}.Release|Any CPU.ActiveCfg = Release|Any CPU
		{34DD9429-6403-A2DB-D5F8-119431AC1700}.Release|Any CPU.Build.0 = Release|Any CPU
	EndGlobalSection
	GlobalSection(SolutionProperties) = preSolution
		HideSolutionNode = FALSE
	EndGlobalSection
	GlobalSection(NestedProjects) = preSolution
		{C3E35898-7A56-6768-9BD2-16547616952D} = {1A05CECA-3455-6868-ADAC-E31E3159CA81}
		{4CA69315-FD2B-6098-DED4-BD5DA9B516E9} = {2DBC6D2C-FFF0-6DAB-AC7A-A37FECD1CC5F}
		{DB236E28-4D8E-AF92-DB6A-BE90CE54991B} = {54DE6893-CDB1-EE93-102E-7302D4351633}
		{0D348598-1A80-B481-0DE5-089532EFABB3} = {54DE6893-CDB1-EE93-102E-7302D4351633}
		{C0F1CF79-AFB0-0C74-2D4A-A2B0D66D04CA} = {AC1F2BD0-4F26-37E0-F5DE-96F0B8197553}
		{075C5C44-82B1-A9E4-B638-A643BB9FB6A0} = {64D9E809-D113-F955-5C4E-07361BD8DCD5}
		{33DD815C-E607-8CD8-FB7D-04A35ADCEE93} = {AA5FA980-1721-759C-0A11-57B00F49D76F}
		{E192271B-9DC9-B043-6515-4AEB6E991C7E} = {F7B449A4-7AAF-3787-24BA-23A34DDEE7CA}
		{777DB7E1-CFAA-51CD-4386-C35CF772CC3A} = {34EFB993-71F9-C292-88E4-CFCCA5B5EBD9}
		{602503CA-4ACC-9780-31F9-8993A63C9EA3} = {F6F8FDD1-D240-8A4C-A91B-6FB064E57CF1}
		{34DD9429-6403-A2DB-D5F8-119431AC1700} = {F950DB2C-3B87-4536-55E6-8585CBA5CF21}
	EndGlobalSection
	GlobalSection(ExtensibilityGlobals) = postSolution
		SolutionGuid = {8F644950-A0CC-43FC-8512-E930FC8FC1CE}
	EndGlobalSection
EndGlobal
