Microsoft Visual Studio Solution File, Format Version 12.00
# Visual Studio Version 17
VisualStudioVersion = 17.5.2.0
MinimumVisualStudioVersion = 10.0.40219.1
Project("{FAE04EC0-301F-11D3-BF4B-00C04F79EFBC}") = "le", "le\le.csproj", "{099137EA-563D-D029-5340-C4391C0140EE}"
EndProject
Global
	GlobalSection(SolutionConfigurationPlatforms) = preSolution
		Debug|Any CPU = Debug|Any CPU
		Release|Any CPU = Release|Any CPU
	EndGlobalSection
	GlobalSection(ProjectConfigurationPlatforms) = postSolution
		{099137EA-563D-D029-5340-C4391C0140EE}.Debug|Any CPU.ActiveCfg = Debug|Any CPU
		{099137EA-563D-D029-5340-C4391C0140EE}.Debug|Any CPU.Build.0 = Debug|Any CPU
		{099137EA-563D-D029-5340-C4391C0140EE}.Release|Any CPU.ActiveCfg = Release|Any CPU
		{099137EA-563D-D029-5340-C4391C0140EE}.Release|Any CPU.Build.0 = Release|Any CPU
	EndGlobalSection
	GlobalSection(SolutionProperties) = preSolution
		HideSolutionNode = FALSE
	EndGlobalSection
	GlobalSection(ExtensibilityGlobals) = postSolution
		SolutionGuid = {764A7C38-0A96-4F40-8FB9-B32FA7C0616F}
	EndGlobalSection
EndGlobal
